
Microsoft Visual Studio Solution File, Format Version 12.00
# Visual Studio Version 16
VisualStudioVersion = 16.0.30114.105
MinimumVisualStudioVersion = 10.0.40219.1
Project("{FAE04EC0-301F-11D3-BF4B-00C04F79EFBC}") = "API", "API\API.csproj", "{FB4419ED-8F9A-4CAE-B151-434EF1EC8092}"
EndProject
Project("{FAE04EC0-301F-11D3-BF4B-00C04F79EFBC}") = "Infraestructura", "Infraestructura\Infraestructura.csproj", "{16DB98D2-3B54-487A-B79A-0C04AA0D794F}"
EndProject
Project("{FAE04EC0-301F-11D3-BF4B-00C04F79EFBC}") = "Core", "Core\Core.csproj", "{DFC06EF9-C76C-4948-88EC-2F0E2C3558C3}"
EndProject
Global
	GlobalSection(SolutionConfigurationPlatforms) = preSolution
		Debug|Any CPU = Debug|Any CPU
		Release|Any CPU = Release|Any CPU
	EndGlobalSection
	GlobalSection(SolutionProperties) = preSolution
		HideSolutionNode = FALSE
	EndGlobalSection
	GlobalSection(ProjectConfigurationPlatforms) = postSolution
		{FB4419ED-8F9A-4CAE-B151-434EF1EC8092}.Debug|Any CPU.ActiveCfg = Debug|Any CPU
		{FB4419ED-8F9A-4CAE-B151-434EF1EC8092}.Debug|Any CPU.Build.0 = Debug|Any CPU
		{FB4419ED-8F9A-4CAE-B151-434EF1EC8092}.Release|Any CPU.ActiveCfg = Release|Any CPU
		{FB4419ED-8F9A-4CAE-B151-434EF1EC8092}.Release|Any CPU.Build.0 = Release|Any CPU
		{16DB98D2-3B54-487A-B79A-0C04AA0D794F}.Debug|Any CPU.ActiveCfg = Debug|Any CPU
		{16DB98D2-3B54-487A-B79A-0C04AA0D794F}.Debug|Any CPU.Build.0 = Debug|Any CPU
		{16DB98D2-3B54-487A-B79A-0C04AA0D794F}.Release|Any CPU.ActiveCfg = Release|Any CPU
		{16DB98D2-3B54-487A-B79A-0C04AA0D794F}.Release|Any CPU.Build.0 = Release|Any CPU
		{DFC06EF9-C76C-4948-88EC-2F0E2C3558C3}.Debug|Any CPU.ActiveCfg = Debug|Any CPU
		{DFC06EF9-C76C-4948-88EC-2F0E2C3558C3}.Debug|Any CPU.Build.0 = Debug|Any CPU
		{DFC06EF9-C76C-4948-88EC-2F0E2C3558C3}.Release|Any CPU.ActiveCfg = Release|Any CPU
		{DFC06EF9-C76C-4948-88EC-2F0E2C3558C3}.Release|Any CPU.Build.0 = Release|Any CPU
	EndGlobalSection
EndGlobal
